
Microsoft Visual Studio Solution File, Format Version 12.00
# Visual Studio 15
VisualStudioVersion = 15.0.28307.489
MinimumVisualStudioVersion = 10.0.40219.1
Project("{FAE04EC0-301F-11D3-BF4B-00C04F79EFBC}") = "LR_5", "LR_5\LR_5.csproj", "{BCE70375-02EA-445F-BC2C-7DCA67A6CAE6}"
EndProject
Global
	GlobalSection(SolutionConfigurationPlatforms) = preSolution
		Debug|Any CPU = Debug|Any CPU
		Release|Any CPU = Release|Any CPU
	EndGlobalSection
	GlobalSection(ProjectConfigurationPlatforms) = postSolution
		{BCE70375-02EA-445F-BC2C-7DCA67A6CAE6}.Debug|Any CPU.ActiveCfg = Debug|Any CPU
		{BCE70375-02EA-445F-BC2C-7DCA67A6CAE6}.Debug|Any CPU.Build.0 = Debug|Any CPU
		{BCE70375-02EA-445F-BC2C-7DCA67A6CAE6}.Release|Any CPU.ActiveCfg = Release|Any CPU
		{BCE70375-02EA-445F-BC2C-7DCA67A6CAE6}.Release|Any CPU.Build.0 = Release|Any CPU
	EndGlobalSection
	GlobalSection(SolutionProperties) = preSolution
		HideSolutionNode = FALSE
	EndGlobalSection
	GlobalSection(ExtensibilityGlobals) = postSolution
		SolutionGuid = {A090E43A-8382-46A2-AB14-353EA21D5AD6}
	EndGlobalSection
EndGlobal
